
Microsoft Visual Studio Solution File, Format Version 12.00
# Visual Studio 2013
VisualStudioVersion = 12.0.31101.0
MinimumVisualStudioVersion = 10.0.40219.1
Project("{FAE04EC0-301F-11D3-BF4B-00C04F79EFBC}") = "ejemplo-ef", "ejemplo-ef\ejemplo-ef.csproj", "{EA2F44E3-5509-41CD-A695-1597CFF0E74A}"
EndProject
Global
	GlobalSection(SolutionConfigurationPlatforms) = preSolution
		Debug|Any CPU = Debug|Any CPU
		Release|Any CPU = Release|Any CPU
	EndGlobalSection
	GlobalSection(ProjectConfigurationPlatforms) = postSolution
		{EA2F44E3-5509-41CD-A695-1597CFF0E74A}.Debug|Any CPU.ActiveCfg = Debug|Any CPU
		{EA2F44E3-5509-41CD-A695-1597CFF0E74A}.Debug|Any CPU.Build.0 = Debug|Any CPU
		{EA2F44E3-5509-41CD-A695-1597CFF0E74A}.Release|Any CPU.ActiveCfg = Release|Any CPU
		{EA2F44E3-5509-41CD-A695-1597CFF0E74A}.Release|Any CPU.Build.0 = Release|Any CPU
	EndGlobalSection
	GlobalSection(SolutionProperties) = preSolution
		HideSolutionNode = FALSE
	EndGlobalSection
EndGlobal
